
Microsoft Visual Studio Solution File, Format Version 12.00
# Visual Studio 15
VisualStudioVersion = 15.0.26730.12
MinimumVisualStudioVersion = 10.0.40219.1
Project("{FAE04EC0-301F-11D3-BF4B-00C04F79EFBC}") = "EmbeddedStockByPros", "EmbeddedStockByPros\EmbeddedStockByPros.csproj", "{370F05B7-F77C-40D7-ADA3-7AD36DC35C4B}"
EndProject
Global
	GlobalSection(SolutionConfigurationPlatforms) = preSolution
		Debug|Any CPU = Debug|Any CPU
		Release|Any CPU = Release|Any CPU
	EndGlobalSection
	GlobalSection(ProjectConfigurationPlatforms) = postSolution
		{370F05B7-F77C-40D7-ADA3-7AD36DC35C4B}.Debug|Any CPU.ActiveCfg = Debug|Any CPU
		{370F05B7-F77C-40D7-ADA3-7AD36DC35C4B}.Debug|Any CPU.Build.0 = Debug|Any CPU
		{370F05B7-F77C-40D7-ADA3-7AD36DC35C4B}.Release|Any CPU.ActiveCfg = Release|Any CPU
		{370F05B7-F77C-40D7-ADA3-7AD36DC35C4B}.Release|Any CPU.Build.0 = Release|Any CPU
	EndGlobalSection
	GlobalSection(SolutionProperties) = preSolution
		HideSolutionNode = FALSE
	EndGlobalSection
	GlobalSection(ExtensibilityGlobals) = postSolution
		SolutionGuid = {255C3F28-8AC5-4778-9B04-BC365506A226}
	EndGlobalSection
EndGlobal
